<?xml version="1.0" encoding="utf-8"?>
<Project ToolsVersion="4.0" xmlns="http://schemas.microsoft.com/developer/msbuild/2003">
  <ItemGroup>
    <Filter Include="源文件">
      <UniqueIdentifier>{4FC737F1-C7A5-4376-A066-2A32D752A2FF}</UniqueIdentifier>
      <Extensions>cpp;c;cc;cxx;c++;cppm;ixx;def;odl;idl;hpj;bat;asm;asmx</Extensions>
    </Filter>
    <Filter Include="头文件">
      <UniqueIdentifier>{93995380-89BD-4b04-88EB-625FBE52EBFB}</UniqueIdentifier>
      <Extensions>h;hh;hpp;hxx;h++;hm;inl;inc;ipp;xsd</Extensions>
    </Filter>
    <Filter Include="资源文件">
      <UniqueIdentifier>{67DA6AB6-F800-4c08-8B7A-83BB121AAD01}</UniqueIdentifier>
      <Extensions>rc;ico;cur;bmp;dlg;rc2;rct;bin;rgs;gif;jpg;jpeg;jpe;resx;tiff;tif;png;wav;mfcribbon-ms</Extensions>
    </Filter>
    <Filter Include="源文件\2024">
      <UniqueIdentifier>{468caf93-b500-441f-814d-1310a05c7bd1}</UniqueIdentifier>
    </Filter>
    <Filter Include="源文件\2025">
      <UniqueIdentifier>{e69412f5-8df0-499c-af39-aa421889f38c}</UniqueIdentifier>
    </Filter>
    <Filter Include="源文件\2025\February">
      <UniqueIdentifier>{495db6d5-7ecb-416b-aa0b-3d65b1a1aa9d}</UniqueIdentifier>
    </Filter>
    <Filter Include="源文件\2025\January">
      <UniqueIdentifier>{94d1f2d8-42ff-41f1-a51d-28a4c18d1cae}</UniqueIdentifier>
    </Filter>
    <Filter Include="源文件\2025\March">
      <UniqueIdentifier>{22983b29-9965-42a6-a56a-1ca12db8a546}</UniqueIdentifier>
    </Filter>
    <Filter Include="源文件\2025\April">
      <UniqueIdentifier>{581d0704-8060-4349-8a97-2a9b4dadef10}</UniqueIdentifier>
    </Filter>
  </ItemGroup>
  <ItemGroup>
    <ClCompile Include="2025_02_28.c">
      <Filter>源文件\2025\February</Filter>
    </ClCompile>
    <ClCompile Include="2025_02_01.c">
      <Filter>源文件\2025\February</Filter>
    </ClCompile>
    <ClCompile Include="2025_02_02.c">
      <Filter>源文件\2025\February</Filter>
    </ClCompile>
    <ClCompile Include="2025_02_03.c">
      <Filter>源文件\2025\February</Filter>
    </ClCompile>
    <ClCompile Include="2025_02_04.c">
      <Filter>源文件\2025\February</Filter>
    </ClCompile>
    <ClCompile Include="2025_02_05.c">
      <Filter>源文件\2025\February</Filter>
    </ClCompile>
    <ClCompile Include="2025_02_06.c">
      <Filter>源文件\2025\February</Filter>
    </ClCompile>
    <ClCompile Include="2025_02_07.c">
      <Filter>源文件\2025\February</Filter>
    </ClCompile>
    <ClCompile Include="2025_02_08.c">
      <Filter>源文件\2025\February</Filter>
    </ClCompile>
    <ClCompile Include="2025_02_09.c">
      <Filter>源文件\2025\February</Filter>
    </ClCompile>
    <ClCompile Include="2025_02_10.c">
      <Filter>源文件\2025\February</Filter>
    </ClCompile>
    <ClCompile Include="2025_02_11.c">
      <Filter>源文件\2025\February</Filter>
    </ClCompile>
    <ClCompile Include="2025_02_12.c">
      <Filter>源文件\2025\February</Filter>
    </ClCompile>
    <ClCompile Include="2025_02_13.c">
      <Filter>源文件\2025\February</Filter>
    </ClCompile>
    <ClCompile Include="2025_02_14.c">
      <Filter>源文件\2025\February</Filter>
    </ClCompile>
    <ClCompile Include="2025_02_15.c">
      <Filter>源文件\2025\February</Filter>
    </ClCompile>
    <ClCompile Include="2025_02_16.c">
      <Filter>源文件\2025\February</Filter>
    </ClCompile>
    <ClCompile Include="2025_02_17.c">
      <Filter>源文件\2025\February</Filter>
    </ClCompile>
    <ClCompile Include="2025_02_18.c">
      <Filter>源文件\2025\February</Filter>
    </ClCompile>
    <ClCompile Include="2025_02_19.c">
      <Filter>源文件\2025\February</Filter>
    </ClCompile>
    <ClCompile Include="2025_02_20.c">
      <Filter>源文件\2025\February</Filter>
    </ClCompile>
    <ClCompile Include="2025_02_21.c">
      <Filter>源文件\2025\February</Filter>
    </ClCompile>
    <ClCompile Include="2025_02_22.c">
      <Filter>源文件\2025\February</Filter>
    </ClCompile>
    <ClCompile Include="2025_02_23.c">
      <Filter>源文件\2025\February</Filter>
    </ClCompile>
    <ClCompile Include="2025_02_24.c">
      <Filter>源文件\2025\February</Filter>
    </ClCompile>
    <ClCompile Include="2025_02_25.c">
      <Filter>源文件\2025\February</Filter>
    </ClCompile>
    <ClCompile Include="2025_02_26.c">
      <Filter>源文件\2025\February</Filter>
    </ClCompile>
    <ClCompile Include="2025_02_27.c">
      <Filter>源文件\2025\February</Filter>
    </ClCompile>
    <ClCompile Include="2025_01_01.c">
      <Filter>源文件\2025\January</Filter>
    </ClCompile>
    <ClCompile Include="2025_01_02.c">
      <Filter>源文件\2025\January</Filter>
    </ClCompile>
    <ClCompile Include="2025_01_03.c">
      <Filter>源文件\2025\January</Filter>
    </ClCompile>
    <ClCompile Include="2025_01_04.c">
      <Filter>源文件\2025\January</Filter>
    </ClCompile>
    <ClCompile Include="2025_01_05.c">
      <Filter>源文件\2025\January</Filter>
    </ClCompile>
    <ClCompile Include="2025_01_06.c">
      <Filter>源文件\2025\January</Filter>
    </ClCompile>
    <ClCompile Include="2025_01_07.c">
      <Filter>源文件\2025\January</Filter>
    </ClCompile>
    <ClCompile Include="2025_01_08.c">
      <Filter>源文件\2025\January</Filter>
    </ClCompile>
    <ClCompile Include="2025_01_09.c">
      <Filter>源文件\2025\January</Filter>
    </ClCompile>
    <ClCompile Include="2025_01_10.c">
      <Filter>源文件\2025\January</Filter>
    </ClCompile>
    <ClCompile Include="2025_01_12.c">
      <Filter>源文件\2025\January</Filter>
    </ClCompile>
    <ClCompile Include="2025_01_13.c">
      <Filter>源文件\2025\January</Filter>
    </ClCompile>
    <ClCompile Include="2025_01_14.c">
      <Filter>源文件\2025\January</Filter>
    </ClCompile>
    <ClCompile Include="2025_01_15.c">
      <Filter>源文件\2025\January</Filter>
    </ClCompile>
    <ClCompile Include="2025_01_16.c">
      <Filter>源文件\2025\January</Filter>
    </ClCompile>
    <ClCompile Include="2025_01_17.c">
      <Filter>源文件\2025\January</Filter>
    </ClCompile>
    <ClCompile Include="2025_01_18.c">
      <Filter>源文件\2025\January</Filter>
    </ClCompile>
    <ClCompile Include="2025_01_19.c">
      <Filter>源文件\2025\January</Filter>
    </ClCompile>
    <ClCompile Include="2025_01_20.c">
      <Filter>源文件\2025\January</Filter>
    </ClCompile>
    <ClCompile Include="2025_01_21.c">
      <Filter>源文件\2025\January</Filter>
    </ClCompile>
    <ClCompile Include="2025_01_22.c">
      <Filter>源文件\2025\January</Filter>
    </ClCompile>
    <ClCompile Include="2025_01_23.c">
      <Filter>源文件\2025\January</Filter>
    </ClCompile>
    <ClCompile Include="2025_01_24.c">
      <Filter>源文件\2025\January</Filter>
    </ClCompile>
    <ClCompile Include="2025_01_25.c">
      <Filter>源文件\2025\January</Filter>
    </ClCompile>
    <ClCompile Include="2025_01_26.c">
      <Filter>源文件\2025\January</Filter>
    </ClCompile>
    <ClCompile Include="2025_01_27.c">
      <Filter>源文件\2025\January</Filter>
    </ClCompile>
    <ClCompile Include="2025_01_28.c">
      <Filter>源文件\2025\January</Filter>
    </ClCompile>
    <ClCompile Include="2025_01_29.c">
      <Filter>源文件\2025\January</Filter>
    </ClCompile>
    <ClCompile Include="2025_01_30.c">
      <Filter>源文件\2025\January</Filter>
    </ClCompile>
    <ClCompile Include="2025_01_31.c">
      <Filter>源文件\2025\January</Filter>
    </ClCompile>
    <ClCompile Include="2024_12_27.c">
      <Filter>源文件\2024</Filter>
    </ClCompile>
    <ClCompile Include="2024_12_28.c">
      <Filter>源文件\2024</Filter>
    </ClCompile>
    <ClCompile Include="2024_12_29.c">
      <Filter>源文件\2024</Filter>
    </ClCompile>
    <ClCompile Include="2025_03_01.c">
      <Filter>源文件\2025\March</Filter>
    </ClCompile>
    <ClCompile Include="2025_03_02.c">
      <Filter>源文件\2025\March</Filter>
    </ClCompile>
    <ClCompile Include="2025_03_03.c">
      <Filter>源文件\2025\March</Filter>
    </ClCompile>
    <ClCompile Include="2025_03_04.c">
      <Filter>源文件\2025\March</Filter>
    </ClCompile>
    <ClCompile Include="2025_03_25.c">
      <Filter>源文件\2025\March</Filter>
    </ClCompile>
    <ClCompile Include="2025_03_05.c">
      <Filter>源文件\2025\March</Filter>
    </ClCompile>
    <ClCompile Include="2025_03_06.c">
      <Filter>源文件\2025\March</Filter>
    </ClCompile>
    <ClCompile Include="2025_03_07.c">
      <Filter>源文件\2025\March</Filter>
    </ClCompile>
    <ClCompile Include="2025_03_08.c">
      <Filter>源文件\2025\March</Filter>
    </ClCompile>
    <ClCompile Include="2025_03_09.c">
      <Filter>源文件\2025\March</Filter>
    </ClCompile>
    <ClCompile Include="2025_03_10.c">
      <Filter>源文件\2025\March</Filter>
    </ClCompile>
    <ClCompile Include="2025_03_11.c">
      <Filter>源文件\2025\March</Filter>
    </ClCompile>
    <ClCompile Include="2025_03_12.c">
      <Filter>源文件\2025\March</Filter>
    </ClCompile>
    <ClCompile Include="2025_03_13.c">
      <Filter>源文件\2025\March</Filter>
    </ClCompile>
    <ClCompile Include="2025_03_14.c">
      <Filter>源文件\2025\March</Filter>
    </ClCompile>
    <ClCompile Include="2025_03_15.c">
      <Filter>源文件\2025\March</Filter>
    </ClCompile>
    <ClCompile Include="2025_03_16.c">
      <Filter>源文件\2025\March</Filter>
    </ClCompile>
    <ClCompile Include="2025_03_17.c">
      <Filter>源文件\2025\March</Filter>
    </ClCompile>
    <ClCompile Include="2025_03_18.c">
      <Filter>源文件\2025\March</Filter>
    </ClCompile>
    <ClCompile Include="2025_03_19.c">
      <Filter>源文件\2025\March</Filter>
    </ClCompile>
    <ClCompile Include="2025_03_20.c">
      <Filter>源文件\2025\March</Filter>
    </ClCompile>
    <ClCompile Include="2025_03_21.c">
      <Filter>源文件\2025\March</Filter>
    </ClCompile>
    <ClCompile Include="2025_03_22.c">
      <Filter>源文件\2025\March</Filter>
    </ClCompile>
    <ClCompile Include="2025_03_23.c">
      <Filter>源文件\2025\March</Filter>
    </ClCompile>
    <ClCompile Include="2025_03_24.c">
      <Filter>源文件\2025\March</Filter>
    </ClCompile>
    <ClCompile Include="2025_03_26.c">
      <Filter>源文件\2025\March</Filter>
    </ClCompile>
    <ClCompile Include="2025_03_27.c">
      <Filter>源文件\2025\March</Filter>
    </ClCompile>
    <ClCompile Include="2025_03_28.c">
      <Filter>源文件\2025\March</Filter>
    </ClCompile>
    <ClCompile Include="2025_03_29.c">
      <Filter>源文件\2025\March</Filter>
    </ClCompile>
    <ClCompile Include="2025_03_30.c">
      <Filter>源文件\2025\March</Filter>
    </ClCompile>
    <ClCompile Include="2025_03_31.c">
      <Filter>源文件\2025\March</Filter>
    </ClCompile>
    <ClCompile Include="2025_04_01.c">
      <Filter>源文件\2025\April</Filter>
    </ClCompile>
    <ClCompile Include="2025_04_02.c">
      <Filter>源文件\2025\April</Filter>
    </ClCompile>
    <ClCompile Include="2025_04_03.c">
      <Filter>源文件\2025\April</Filter>
    </ClCompile>
    <ClCompile Include="2025_04_04.c">
      <Filter>源文件\2025\April</Filter>
    </ClCompile>
    <ClCompile Include="2025_04_05.c">
      <Filter>源文件\2025\April</Filter>
    </ClCompile>
    <ClCompile Include="2025_04_06.c">
      <Filter>源文件\2025\April</Filter>
    </ClCompile>
  </ItemGroup>
</Project>