<?xml version="1.0" encoding="utf-8"?>
<Project ToolsVersion="4.0" xmlns="http://schemas.microsoft.com/developer/msbuild/2003">
  <ItemGroup>
    <Filter Include="源文件">
      <UniqueIdentifier>{4FC737F1-C7A5-4376-A066-2A32D752A2FF}</UniqueIdentifier>
      <Extensions>cpp;c;cc;cxx;c++;cppm;ixx;def;odl;idl;hpj;bat;asm;asmx</Extensions>
    </Filter>
    <Filter Include="头文件">
      <UniqueIdentifier>{93995380-89BD-4b04-88EB-625FBE52EBFB}</UniqueIdentifier>
      <Extensions>h;hh;hpp;hxx;h++;hm;inl;inc;ipp;xsd</Extensions>
    </Filter>
    <Filter Include="资源文件">
      <UniqueIdentifier>{67DA6AB6-F800-4c08-8B7A-83BB121AAD01}</UniqueIdentifier>
      <Extensions>rc;ico;cur;bmp;dlg;rc2;rct;bin;rgs;gif;jpg;jpeg;jpe;resx;tiff;tif;png;wav;mfcribbon-ms</Extensions>
    </Filter>
    <Filter Include="源文件\2024">
      <UniqueIdentifier>{468caf93-b500-441f-814d-1310a05c7bd1}</UniqueIdentifier>
    </Filter>
    <Filter Include="源文件\2025">
      <UniqueIdentifier>{e69412f5-8df0-499c-af39-aa421889f38c}</UniqueIdentifier>
    </Filter>
    <Filter Include="源文件\2025\February">
      <UniqueIdentifier>{495db6d5-7ecb-416b-aa0b-3d65b1a1aa9d}</UniqueIdentifier>
    </Filter>
    <Filter Include="源文件\2025\January">
      <UniqueIdentifier>{94d1f2d8-42ff-41f1-a51d-28a4c18d1cae}</UniqueIdentifier>
    </Filter>
    <Filter Include="源文件\2025\March">
      <UniqueIdentifier>{22983b29-9965-42a6-a56a-1ca12db8a546}</UniqueIdentifier>
    </Filter>
    <Filter Include="源文件\2025\April">
      <UniqueIdentifier>{581d0704-8060-4349-8a97-2a9b4dadef10}</UniqueIdentifier>
    </Filter>
    <Filter Include="源文件\2025\May">
      <UniqueIdentifier>{4be01aad-b7c2-4f4d-bae3-34071a1d4991}</UniqueIdentifier>
    </Filter>
    <Filter Include="源文件\2025\June">
      <UniqueIdentifier>{2032ea1d-f08b-4387-81b9-ff0bca7d671c}</UniqueIdentifier>
    </Filter>
    <Filter Include="源文件\2025\July">
      <UniqueIdentifier>{a6237fa3-523a-45d5-9307-187ead9c0bb4}</UniqueIdentifier>
    </Filter>
    <Filter Include="源文件\2025\Augest">
      <UniqueIdentifier>{4439b7dd-2297-4c70-a26d-371476520af4}</UniqueIdentifier>
    </Filter>
    <Filter Include="源文件\2025\September">
      <UniqueIdentifier>{c7c1d3ad-7286-4e95-a26b-94d8a03507c2}</UniqueIdentifier>
    </Filter>
  </ItemGroup>
  <ItemGroup>
    <ClCompile Include="2025_02_28.c">
      <Filter>源文件\2025\February</Filter>
    </ClCompile>
    <ClCompile Include="2025_02_01.c">
      <Filter>源文件\2025\February</Filter>
    </ClCompile>
    <ClCompile Include="2025_02_02.c">
      <Filter>源文件\2025\February</Filter>
    </ClCompile>
    <ClCompile Include="2025_02_03.c">
      <Filter>源文件\2025\February</Filter>
    </ClCompile>
    <ClCompile Include="2025_02_04.c">
      <Filter>源文件\2025\February</Filter>
    </ClCompile>
    <ClCompile Include="2025_02_05.c">
      <Filter>源文件\2025\February</Filter>
    </ClCompile>
    <ClCompile Include="2025_02_06.c">
      <Filter>源文件\2025\February</Filter>
    </ClCompile>
    <ClCompile Include="2025_02_07.c">
      <Filter>源文件\2025\February</Filter>
    </ClCompile>
    <ClCompile Include="2025_02_08.c">
      <Filter>源文件\2025\February</Filter>
    </ClCompile>
    <ClCompile Include="2025_02_09.c">
      <Filter>源文件\2025\February</Filter>
    </ClCompile>
    <ClCompile Include="2025_02_10.c">
      <Filter>源文件\2025\February</Filter>
    </ClCompile>
    <ClCompile Include="2025_02_11.c">
      <Filter>源文件\2025\February</Filter>
    </ClCompile>
    <ClCompile Include="2025_02_12.c">
      <Filter>源文件\2025\February</Filter>
    </ClCompile>
    <ClCompile Include="2025_02_13.c">
      <Filter>源文件\2025\February</Filter>
    </ClCompile>
    <ClCompile Include="2025_02_14.c">
      <Filter>源文件\2025\February</Filter>
    </ClCompile>
    <ClCompile Include="2025_02_15.c">
      <Filter>源文件\2025\February</Filter>
    </ClCompile>
    <ClCompile Include="2025_02_16.c">
      <Filter>源文件\2025\February</Filter>
    </ClCompile>
    <ClCompile Include="2025_02_17.c">
      <Filter>源文件\2025\February</Filter>
    </ClCompile>
    <ClCompile Include="2025_02_18.c">
      <Filter>源文件\2025\February</Filter>
    </ClCompile>
    <ClCompile Include="2025_02_19.c">
      <Filter>源文件\2025\February</Filter>
    </ClCompile>
    <ClCompile Include="2025_02_20.c">
      <Filter>源文件\2025\February</Filter>
    </ClCompile>
    <ClCompile Include="2025_02_21.c">
      <Filter>源文件\2025\February</Filter>
    </ClCompile>
    <ClCompile Include="2025_02_22.c">
      <Filter>源文件\2025\February</Filter>
    </ClCompile>
    <ClCompile Include="2025_02_23.c">
      <Filter>源文件\2025\February</Filter>
    </ClCompile>
    <ClCompile Include="2025_02_24.c">
      <Filter>源文件\2025\February</Filter>
    </ClCompile>
    <ClCompile Include="2025_02_25.c">
      <Filter>源文件\2025\February</Filter>
    </ClCompile>
    <ClCompile Include="2025_02_26.c">
      <Filter>源文件\2025\February</Filter>
    </ClCompile>
    <ClCompile Include="2025_02_27.c">
      <Filter>源文件\2025\February</Filter>
    </ClCompile>
    <ClCompile Include="2025_01_01.c">
      <Filter>源文件\2025\January</Filter>
    </ClCompile>
    <ClCompile Include="2025_01_02.c">
      <Filter>源文件\2025\January</Filter>
    </ClCompile>
    <ClCompile Include="2025_01_03.c">
      <Filter>源文件\2025\January</Filter>
    </ClCompile>
    <ClCompile Include="2025_01_04.c">
      <Filter>源文件\2025\January</Filter>
    </ClCompile>
    <ClCompile Include="2025_01_05.c">
      <Filter>源文件\2025\January</Filter>
    </ClCompile>
    <ClCompile Include="2025_01_06.c">
      <Filter>源文件\2025\January</Filter>
    </ClCompile>
    <ClCompile Include="2025_01_07.c">
      <Filter>源文件\2025\January</Filter>
    </ClCompile>
    <ClCompile Include="2025_01_08.c">
      <Filter>源文件\2025\January</Filter>
    </ClCompile>
    <ClCompile Include="2025_01_09.c">
      <Filter>源文件\2025\January</Filter>
    </ClCompile>
    <ClCompile Include="2025_01_10.c">
      <Filter>源文件\2025\January</Filter>
    </ClCompile>
    <ClCompile Include="2025_01_12.c">
      <Filter>源文件\2025\January</Filter>
    </ClCompile>
    <ClCompile Include="2025_01_13.c">
      <Filter>源文件\2025\January</Filter>
    </ClCompile>
    <ClCompile Include="2025_01_14.c">
      <Filter>源文件\2025\January</Filter>
    </ClCompile>
    <ClCompile Include="2025_01_15.c">
      <Filter>源文件\2025\January</Filter>
    </ClCompile>
    <ClCompile Include="2025_01_16.c">
      <Filter>源文件\2025\January</Filter>
    </ClCompile>
    <ClCompile Include="2025_01_17.c">
      <Filter>源文件\2025\January</Filter>
    </ClCompile>
    <ClCompile Include="2025_01_18.c">
      <Filter>源文件\2025\January</Filter>
    </ClCompile>
    <ClCompile Include="2025_01_19.c">
      <Filter>源文件\2025\January</Filter>
    </ClCompile>
    <ClCompile Include="2025_01_20.c">
      <Filter>源文件\2025\January</Filter>
    </ClCompile>
    <ClCompile Include="2025_01_21.c">
      <Filter>源文件\2025\January</Filter>
    </ClCompile>
    <ClCompile Include="2025_01_22.c">
      <Filter>源文件\2025\January</Filter>
    </ClCompile>
    <ClCompile Include="2025_01_23.c">
      <Filter>源文件\2025\January</Filter>
    </ClCompile>
    <ClCompile Include="2025_01_24.c">
      <Filter>源文件\2025\January</Filter>
    </ClCompile>
    <ClCompile Include="2025_01_25.c">
      <Filter>源文件\2025\January</Filter>
    </ClCompile>
    <ClCompile Include="2025_01_26.c">
      <Filter>源文件\2025\January</Filter>
    </ClCompile>
    <ClCompile Include="2025_01_27.c">
      <Filter>源文件\2025\January</Filter>
    </ClCompile>
    <ClCompile Include="2025_01_28.c">
      <Filter>源文件\2025\January</Filter>
    </ClCompile>
    <ClCompile Include="2025_01_29.c">
      <Filter>源文件\2025\January</Filter>
    </ClCompile>
    <ClCompile Include="2025_01_30.c">
      <Filter>源文件\2025\January</Filter>
    </ClCompile>
    <ClCompile Include="2025_01_31.c">
      <Filter>源文件\2025\January</Filter>
    </ClCompile>
    <ClCompile Include="2024_12_27.c">
      <Filter>源文件\2024</Filter>
    </ClCompile>
    <ClCompile Include="2024_12_28.c">
      <Filter>源文件\2024</Filter>
    </ClCompile>
    <ClCompile Include="2024_12_29.c">
      <Filter>源文件\2024</Filter>
    </ClCompile>
    <ClCompile Include="2025_03_01.c">
      <Filter>源文件\2025\March</Filter>
    </ClCompile>
    <ClCompile Include="2025_03_02.c">
      <Filter>源文件\2025\March</Filter>
    </ClCompile>
    <ClCompile Include="2025_03_03.c">
      <Filter>源文件\2025\March</Filter>
    </ClCompile>
    <ClCompile Include="2025_03_04.c">
      <Filter>源文件\2025\March</Filter>
    </ClCompile>
    <ClCompile Include="2025_03_25.c">
      <Filter>源文件\2025\March</Filter>
    </ClCompile>
    <ClCompile Include="2025_03_05.c">
      <Filter>源文件\2025\March</Filter>
    </ClCompile>
    <ClCompile Include="2025_03_06.c">
      <Filter>源文件\2025\March</Filter>
    </ClCompile>
    <ClCompile Include="2025_03_07.c">
      <Filter>源文件\2025\March</Filter>
    </ClCompile>
    <ClCompile Include="2025_03_08.c">
      <Filter>源文件\2025\March</Filter>
    </ClCompile>
    <ClCompile Include="2025_03_09.c">
      <Filter>源文件\2025\March</Filter>
    </ClCompile>
    <ClCompile Include="2025_03_10.c">
      <Filter>源文件\2025\March</Filter>
    </ClCompile>
    <ClCompile Include="2025_03_11.c">
      <Filter>源文件\2025\March</Filter>
    </ClCompile>
    <ClCompile Include="2025_03_12.c">
      <Filter>源文件\2025\March</Filter>
    </ClCompile>
    <ClCompile Include="2025_03_13.c">
      <Filter>源文件\2025\March</Filter>
    </ClCompile>
    <ClCompile Include="2025_03_14.c">
      <Filter>源文件\2025\March</Filter>
    </ClCompile>
    <ClCompile Include="2025_03_15.c">
      <Filter>源文件\2025\March</Filter>
    </ClCompile>
    <ClCompile Include="2025_03_16.c">
      <Filter>源文件\2025\March</Filter>
    </ClCompile>
    <ClCompile Include="2025_03_17.c">
      <Filter>源文件\2025\March</Filter>
    </ClCompile>
    <ClCompile Include="2025_03_18.c">
      <Filter>源文件\2025\March</Filter>
    </ClCompile>
    <ClCompile Include="2025_03_19.c">
      <Filter>源文件\2025\March</Filter>
    </ClCompile>
    <ClCompile Include="2025_03_20.c">
      <Filter>源文件\2025\March</Filter>
    </ClCompile>
    <ClCompile Include="2025_03_21.c">
      <Filter>源文件\2025\March</Filter>
    </ClCompile>
    <ClCompile Include="2025_03_22.c">
      <Filter>源文件\2025\March</Filter>
    </ClCompile>
    <ClCompile Include="2025_03_23.c">
      <Filter>源文件\2025\March</Filter>
    </ClCompile>
    <ClCompile Include="2025_03_24.c">
      <Filter>源文件\2025\March</Filter>
    </ClCompile>
    <ClCompile Include="2025_03_26.c">
      <Filter>源文件\2025\March</Filter>
    </ClCompile>
    <ClCompile Include="2025_03_27.c">
      <Filter>源文件\2025\March</Filter>
    </ClCompile>
    <ClCompile Include="2025_03_28.c">
      <Filter>源文件\2025\March</Filter>
    </ClCompile>
    <ClCompile Include="2025_03_29.c">
      <Filter>源文件\2025\March</Filter>
    </ClCompile>
    <ClCompile Include="2025_03_30.c">
      <Filter>源文件\2025\March</Filter>
    </ClCompile>
    <ClCompile Include="2025_03_31.c">
      <Filter>源文件\2025\March</Filter>
    </ClCompile>
    <ClCompile Include="2025_04_01.c">
      <Filter>源文件\2025\April</Filter>
    </ClCompile>
    <ClCompile Include="2025_04_02.c">
      <Filter>源文件\2025\April</Filter>
    </ClCompile>
    <ClCompile Include="2025_04_03.c">
      <Filter>源文件\2025\April</Filter>
    </ClCompile>
    <ClCompile Include="2025_04_04.c">
      <Filter>源文件\2025\April</Filter>
    </ClCompile>
    <ClCompile Include="2025_04_05.c">
      <Filter>源文件\2025\April</Filter>
    </ClCompile>
    <ClCompile Include="2025_04_06.c">
      <Filter>源文件\2025\April</Filter>
    </ClCompile>
    <ClCompile Include="2025_04_07.c">
      <Filter>源文件\2025\April</Filter>
    </ClCompile>
    <ClCompile Include="2025_04_08.c">
      <Filter>源文件\2025\April</Filter>
    </ClCompile>
    <ClCompile Include="2025_04_09.c">
      <Filter>源文件\2025\April</Filter>
    </ClCompile>
    <ClCompile Include="2025_04_10.c">
      <Filter>源文件\2025\April</Filter>
    </ClCompile>
    <ClCompile Include="2025_04_11.c">
      <Filter>源文件\2025\April</Filter>
    </ClCompile>
    <ClCompile Include="2025_04_12.c">
      <Filter>源文件\2025\April</Filter>
    </ClCompile>
    <ClCompile Include="2025_04_13.c">
      <Filter>源文件\2025\April</Filter>
    </ClCompile>
    <ClCompile Include="2025_04_14.c">
      <Filter>源文件\2025\April</Filter>
    </ClCompile>
    <ClCompile Include="2025_04_15.c">
      <Filter>源文件\2025\April</Filter>
    </ClCompile>
    <ClCompile Include="2025_04_16.c">
      <Filter>源文件\2025\April</Filter>
    </ClCompile>
    <ClCompile Include="2025_04_17.c">
      <Filter>源文件\2025\April</Filter>
    </ClCompile>
    <ClCompile Include="2025_04_18.c">
      <Filter>源文件\2025\April</Filter>
    </ClCompile>
    <ClCompile Include="2025_04_19.c">
      <Filter>源文件\2025\April</Filter>
    </ClCompile>
    <ClCompile Include="2025_04_20.c">
      <Filter>源文件\2025\April</Filter>
    </ClCompile>
    <ClCompile Include="2025_04_21.c">
      <Filter>源文件\2025\April</Filter>
    </ClCompile>
    <ClCompile Include="2025_04_22.c">
      <Filter>源文件\2025\April</Filter>
    </ClCompile>
    <ClCompile Include="2025_04_23.c">
      <Filter>源文件\2025\April</Filter>
    </ClCompile>
    <ClCompile Include="2025_04_24.c">
      <Filter>源文件\2025\April</Filter>
    </ClCompile>
    <ClCompile Include="2025_04_25.c">
      <Filter>源文件\2025\April</Filter>
    </ClCompile>
    <ClCompile Include="2025_04_26.c">
      <Filter>源文件\2025\April</Filter>
    </ClCompile>
    <ClCompile Include="2025_04_27.c">
      <Filter>源文件\2025\April</Filter>
    </ClCompile>
    <ClCompile Include="2025_04_28.c">
      <Filter>源文件\2025\April</Filter>
    </ClCompile>
    <ClCompile Include="2025_04_29.c">
      <Filter>源文件\2025\April</Filter>
    </ClCompile>
    <ClCompile Include="2025_04_30.c">
      <Filter>源文件\2025\April</Filter>
    </ClCompile>
    <ClCompile Include="2025_05_01.c">
      <Filter>源文件\2025\May</Filter>
    </ClCompile>
    <ClCompile Include="2025_05_02.c">
      <Filter>源文件\2025\May</Filter>
    </ClCompile>
    <ClCompile Include="2025_05_03.c">
      <Filter>源文件\2025\May</Filter>
    </ClCompile>
    <ClCompile Include="2025_05_04.c">
      <Filter>源文件\2025\May</Filter>
    </ClCompile>
    <ClCompile Include="2025_05_05.c">
      <Filter>源文件\2025\May</Filter>
    </ClCompile>
    <ClCompile Include="2025_05_06.c">
      <Filter>源文件\2025\May</Filter>
    </ClCompile>
    <ClCompile Include="2025_05_07.c">
      <Filter>源文件\2025\May</Filter>
    </ClCompile>
    <ClCompile Include="2025_05_08.c">
      <Filter>源文件\2025\May</Filter>
    </ClCompile>
    <ClCompile Include="2025_05_09.c">
      <Filter>源文件\2025\May</Filter>
    </ClCompile>
    <ClCompile Include="2025_05_10.c">
      <Filter>源文件\2025\May</Filter>
    </ClCompile>
    <ClCompile Include="2025_05_11.c">
      <Filter>源文件\2025\May</Filter>
    </ClCompile>
    <ClCompile Include="2025_05_12.c">
      <Filter>源文件\2025\May</Filter>
    </ClCompile>
    <ClCompile Include="2025_05_13.c">
      <Filter>源文件\2025\May</Filter>
    </ClCompile>
    <ClCompile Include="2025_05_14.c">
      <Filter>源文件\2025\May</Filter>
    </ClCompile>
    <ClCompile Include="2025_05_15.c">
      <Filter>源文件\2025\May</Filter>
    </ClCompile>
    <ClCompile Include="2025_05_16.c">
      <Filter>源文件\2025\May</Filter>
    </ClCompile>
    <ClCompile Include="2025_05_17.c">
      <Filter>源文件\2025\May</Filter>
    </ClCompile>
    <ClCompile Include="2025_05_18.c">
      <Filter>源文件\2025\May</Filter>
    </ClCompile>
    <ClCompile Include="2025_05_19.c">
      <Filter>源文件\2025\May</Filter>
    </ClCompile>
    <ClCompile Include="2025_05_20.c">
      <Filter>源文件\2025\May</Filter>
    </ClCompile>
    <ClCompile Include="2025_05_21.c">
      <Filter>源文件\2025\May</Filter>
    </ClCompile>
    <ClCompile Include="2025_05_22.c">
      <Filter>源文件\2025\May</Filter>
    </ClCompile>
    <ClCompile Include="2025_05_23.c">
      <Filter>源文件\2025\May</Filter>
    </ClCompile>
    <ClCompile Include="2025_05_24.c">
      <Filter>源文件\2025\May</Filter>
    </ClCompile>
    <ClCompile Include="2025_05_25.c">
      <Filter>源文件\2025\May</Filter>
    </ClCompile>
    <ClCompile Include="2025_05_26.c">
      <Filter>源文件\2025\May</Filter>
    </ClCompile>
    <ClCompile Include="2025_05_27.c">
      <Filter>源文件\2025\May</Filter>
    </ClCompile>
    <ClCompile Include="2025_05_28.c">
      <Filter>源文件\2025\May</Filter>
    </ClCompile>
    <ClCompile Include="2025_05_29.c">
      <Filter>源文件\2025\May</Filter>
    </ClCompile>
    <ClCompile Include="2025_05_30.c">
      <Filter>源文件\2025\May</Filter>
    </ClCompile>
    <ClCompile Include="2025_05_31.c">
      <Filter>源文件\2025\May</Filter>
    </ClCompile>
    <ClCompile Include="2025_06_01.c">
      <Filter>源文件\2025\June</Filter>
    </ClCompile>
    <ClCompile Include="2025_06_02.c">
      <Filter>源文件\2025\June</Filter>
    </ClCompile>
    <ClCompile Include="2025_06_03.c">
      <Filter>源文件\2025\June</Filter>
    </ClCompile>
    <ClCompile Include="2025_06_04.c">
      <Filter>源文件\2025\June</Filter>
    </ClCompile>
    <ClCompile Include="2025_06_05.c">
      <Filter>源文件\2025\June</Filter>
    </ClCompile>
    <ClCompile Include="2025_06_06.c">
      <Filter>源文件\2025\June</Filter>
    </ClCompile>
    <ClCompile Include="2025_06_07.c">
      <Filter>源文件\2025\June</Filter>
    </ClCompile>
    <ClCompile Include="2025_06_08.c">
      <Filter>源文件\2025\June</Filter>
    </ClCompile>
    <ClCompile Include="2025_06_09.c">
      <Filter>源文件\2025\June</Filter>
    </ClCompile>
    <ClCompile Include="2025_06_10.c">
      <Filter>源文件\2025\June</Filter>
    </ClCompile>
    <ClCompile Include="2025_06_11.c">
      <Filter>源文件\2025\June</Filter>
    </ClCompile>
    <ClCompile Include="2025_06_12.c">
      <Filter>源文件\2025\June</Filter>
    </ClCompile>
    <ClCompile Include="2025_06_13.c">
      <Filter>源文件\2025\June</Filter>
    </ClCompile>
    <ClCompile Include="2025_06_14.c">
      <Filter>源文件\2025\June</Filter>
    </ClCompile>
    <ClCompile Include="2025_06_15.c">
      <Filter>源文件\2025\June</Filter>
    </ClCompile>
    <ClCompile Include="2025_06_16.c">
      <Filter>源文件\2025\June</Filter>
    </ClCompile>
    <ClCompile Include="2025_06_17.c">
      <Filter>源文件\2025\June</Filter>
    </ClCompile>
    <ClCompile Include="2025_06_18.c">
      <Filter>源文件\2025\June</Filter>
    </ClCompile>
    <ClCompile Include="2025_06_19.c">
      <Filter>源文件\2025\June</Filter>
    </ClCompile>
    <ClCompile Include="2025_06_20.c">
      <Filter>源文件\2025\June</Filter>
    </ClCompile>
    <ClCompile Include="2025_06_21.c">
      <Filter>源文件\2025\June</Filter>
    </ClCompile>
    <ClCompile Include="2025_06_22.c">
      <Filter>源文件\2025\June</Filter>
    </ClCompile>
    <ClCompile Include="2025_06_23.c">
      <Filter>源文件\2025\June</Filter>
    </ClCompile>
    <ClCompile Include="2025_06_24.c">
      <Filter>源文件\2025\June</Filter>
    </ClCompile>
    <ClCompile Include="2025_06_25.c">
      <Filter>源文件\2025\June</Filter>
    </ClCompile>
    <ClCompile Include="2025_06_26.c">
      <Filter>源文件\2025\June</Filter>
    </ClCompile>
    <ClCompile Include="2025_06_27.c">
      <Filter>源文件\2025\June</Filter>
    </ClCompile>
    <ClCompile Include="2025_06_28.c">
      <Filter>源文件\2025\June</Filter>
    </ClCompile>
    <ClCompile Include="2025_06_29.c">
      <Filter>源文件\2025\June</Filter>
    </ClCompile>
    <ClCompile Include="2025_06_30.c">
      <Filter>源文件\2025\June</Filter>
    </ClCompile>
    <ClCompile Include="2025_07_01.c">
      <Filter>源文件\2025\July</Filter>
    </ClCompile>
    <ClCompile Include="2025_07_02.c">
      <Filter>源文件\2025\July</Filter>
    </ClCompile>
    <ClCompile Include="2025_07_03.c">
      <Filter>源文件\2025\July</Filter>
    </ClCompile>
    <ClCompile Include="2025_07_04.c">
      <Filter>源文件\2025\July</Filter>
    </ClCompile>
    <ClCompile Include="2025_07_05.c">
      <Filter>源文件\2025\July</Filter>
    </ClCompile>
    <ClCompile Include="2025_07_06.c">
      <Filter>源文件\2025\July</Filter>
    </ClCompile>
    <ClCompile Include="2025_07_07.c">
      <Filter>源文件\2025\July</Filter>
    </ClCompile>
    <ClCompile Include="2025_07_08.c">
      <Filter>源文件\2025\July</Filter>
    </ClCompile>
    <ClCompile Include="2025_07_09.c">
      <Filter>源文件\2025\July</Filter>
    </ClCompile>
    <ClCompile Include="2025_07_10.c">
      <Filter>源文件\2025\July</Filter>
    </ClCompile>
    <ClCompile Include="2025_07_11.c">
      <Filter>源文件\2025\July</Filter>
    </ClCompile>
    <ClCompile Include="2025_07_12.c">
      <Filter>源文件\2025\July</Filter>
    </ClCompile>
    <ClCompile Include="2025_07_13.c">
      <Filter>源文件\2025\July</Filter>
    </ClCompile>
    <ClCompile Include="2025_07_14.c">
      <Filter>源文件\2025\July</Filter>
    </ClCompile>
    <ClCompile Include="2025_07_15.c">
      <Filter>源文件\2025\July</Filter>
    </ClCompile>
    <ClCompile Include="2025_07_16.c">
      <Filter>源文件\2025\July</Filter>
    </ClCompile>
    <ClCompile Include="2025_07_17.c">
      <Filter>源文件\2025\July</Filter>
    </ClCompile>
    <ClCompile Include="2025_07_18.c">
      <Filter>源文件\2025\July</Filter>
    </ClCompile>
    <ClCompile Include="2025_07_19.c">
      <Filter>源文件\2025\July</Filter>
    </ClCompile>
    <ClCompile Include="2025_07_20.c">
      <Filter>源文件\2025\July</Filter>
    </ClCompile>
    <ClCompile Include="2025_07_21.c">
      <Filter>源文件\2025\July</Filter>
    </ClCompile>
    <ClCompile Include="2025_07_22.c">
      <Filter>源文件\2025\July</Filter>
    </ClCompile>
    <ClCompile Include="2025_07_23.c">
      <Filter>源文件\2025\July</Filter>
    </ClCompile>
    <ClCompile Include="2025_07_24.c">
      <Filter>源文件\2025\July</Filter>
    </ClCompile>
    <ClCompile Include="2025_07_25.c">
      <Filter>源文件\2025\July</Filter>
    </ClCompile>
    <ClCompile Include="2025_07_26.c">
      <Filter>源文件\2025\July</Filter>
    </ClCompile>
    <ClCompile Include="2025_07_27.c">
      <Filter>源文件\2025\July</Filter>
    </ClCompile>
    <ClCompile Include="2025_07_28.c">
      <Filter>源文件\2025\July</Filter>
    </ClCompile>
    <ClCompile Include="2025_07_29.c">
      <Filter>源文件\2025\July</Filter>
    </ClCompile>
    <ClCompile Include="2025_07_30.c">
      <Filter>源文件\2025\July</Filter>
    </ClCompile>
    <ClCompile Include="2025_07_31.c">
      <Filter>源文件\2025\July</Filter>
    </ClCompile>
    <ClCompile Include="2025_08_01.c">
      <Filter>源文件\2025\Augest</Filter>
    </ClCompile>
    <ClCompile Include="2025_08_02.c">
      <Filter>源文件\2025\Augest</Filter>
    </ClCompile>
    <ClCompile Include="2025_08_03.c">
      <Filter>源文件\2025\Augest</Filter>
    </ClCompile>
    <ClCompile Include="2025_08_04.c">
      <Filter>源文件\2025\Augest</Filter>
    </ClCompile>
    <ClCompile Include="2025_08_05.c">
      <Filter>源文件\2025\Augest</Filter>
    </ClCompile>
    <ClCompile Include="2025_08_06.c">
      <Filter>源文件\2025\Augest</Filter>
    </ClCompile>
    <ClCompile Include="2025_08_07.c">
      <Filter>源文件\2025\Augest</Filter>
    </ClCompile>
    <ClCompile Include="2025_08_08.c">
      <Filter>源文件\2025\Augest</Filter>
    </ClCompile>
    <ClCompile Include="2025_08_09.c">
      <Filter>源文件\2025\Augest</Filter>
    </ClCompile>
    <ClCompile Include="2025_08_10.c">
      <Filter>源文件\2025\Augest</Filter>
    </ClCompile>
    <ClCompile Include="2025_08_11.c">
      <Filter>源文件\2025\Augest</Filter>
    </ClCompile>
    <ClCompile Include="2025_08_12.c">
      <Filter>源文件\2025\Augest</Filter>
    </ClCompile>
    <ClCompile Include="2025_08_13.c">
      <Filter>源文件\2025\Augest</Filter>
    </ClCompile>
    <ClCompile Include="2025_08_15.c">
      <Filter>源文件\2025\Augest</Filter>
    </ClCompile>
    <ClCompile Include="2025_08_16.c">
      <Filter>源文件\2025\Augest</Filter>
    </ClCompile>
    <ClCompile Include="2025_08_17.c">
      <Filter>源文件\2025\Augest</Filter>
    </ClCompile>
    <ClCompile Include="2025_08_18.c">
      <Filter>源文件\2025\Augest</Filter>
    </ClCompile>
    <ClCompile Include="2025_08_19.c">
      <Filter>源文件\2025\Augest</Filter>
    </ClCompile>
    <ClCompile Include="2025_08_20.c">
      <Filter>源文件\2025\Augest</Filter>
    </ClCompile>
    <ClCompile Include="2025_08_21.c">
      <Filter>源文件\2025\Augest</Filter>
    </ClCompile>
    <ClCompile Include="2025_08_22.c">
      <Filter>源文件\2025\Augest</Filter>
    </ClCompile>
    <ClCompile Include="2025_08_23.c">
      <Filter>源文件\2025\Augest</Filter>
    </ClCompile>
    <ClCompile Include="2025_08_24.c">
      <Filter>源文件\2025\Augest</Filter>
    </ClCompile>
    <ClCompile Include="2025_08_25.c">
      <Filter>源文件\2025\Augest</Filter>
    </ClCompile>
    <ClCompile Include="2025_08_26.c">
      <Filter>源文件\2025\Augest</Filter>
    </ClCompile>
    <ClCompile Include="2025_08_27.c">
      <Filter>源文件\2025\Augest</Filter>
    </ClCompile>
    <ClCompile Include="2025_08_28.c">
      <Filter>源文件\2025\Augest</Filter>
    </ClCompile>
    <ClCompile Include="2025_08_29.c">
      <Filter>源文件\2025\Augest</Filter>
    </ClCompile>
    <ClCompile Include="2025_08_30.c">
      <Filter>源文件\2025\Augest</Filter>
    </ClCompile>
    <ClCompile Include="2025_08_31.c">
      <Filter>源文件\2025\Augest</Filter>
    </ClCompile>
    <ClCompile Include="2025_09_01.c">
      <Filter>源文件\2025\September</Filter>
    </ClCompile>
    <ClCompile Include="2025_09_02.c">
      <Filter>源文件\2025\September</Filter>
    </ClCompile>
    <ClCompile Include="2025_09_03.c">
      <Filter>源文件\2025\September</Filter>
    </ClCompile>
    <ClCompile Include="2025_09_04.c">
      <Filter>源文件\2025\September</Filter>
    </ClCompile>
    <ClCompile Include="2025_09_05.c">
      <Filter>源文件\2025\September</Filter>
    </ClCompile>
    <ClCompile Include="2025_09_06.c">
      <Filter>源文件\2025\September</Filter>
    </ClCompile>
    <ClCompile Include="2025_09_07.c">
      <Filter>源文件\2025\September</Filter>
    </ClCompile>
    <ClCompile Include="2025_09_08.c">
      <Filter>源文件\2025\September</Filter>
    </ClCompile>
    <ClCompile Include="2025_09_09.c">
      <Filter>源文件\2025\September</Filter>
    </ClCompile>
    <ClCompile Include="2025_09_10.c">
      <Filter>源文件\2025\September</Filter>
    </ClCompile>
    <ClCompile Include="2025_09_11.c">
      <Filter>源文件\2025\September</Filter>
    </ClCompile>
    <ClCompile Include="2025_09_12.c">
      <Filter>源文件\2025\September</Filter>
    </ClCompile>
    <ClCompile Include="2025_09_13.c">
      <Filter>源文件\2025\September</Filter>
    </ClCompile>
    <ClCompile Include="2025_09_14.c">
      <Filter>源文件\2025\September</Filter>
    </ClCompile>
    <ClCompile Include="2025_09_15.c">
      <Filter>源文件\2025\September</Filter>
    </ClCompile>
    <ClCompile Include="2025_09_16.c">
      <Filter>源文件\2025\September</Filter>
    </ClCompile>
    <ClCompile Include="2025_09_17.c">
      <Filter>源文件\2025\September</Filter>
    </ClCompile>
    <ClCompile Include="2025_09_18.c">
      <Filter>源文件\2025\September</Filter>
    </ClCompile>
    <ClCompile Include="2025_09_19.c">
      <Filter>源文件\2025\September</Filter>
    </ClCompile>
    <ClCompile Include="2025_09_20.c">
      <Filter>源文件\2025\September</Filter>
    </ClCompile>
    <ClCompile Include="2025_09_21.c">
      <Filter>源文件\2025\September</Filter>
    </ClCompile>
    <ClCompile Include="2025_09_22.c">
      <Filter>源文件\2025\September</Filter>
    </ClCompile>
    <ClCompile Include="2025_09_23.c">
      <Filter>源文件\2025\September</Filter>
    </ClCompile>
    <ClCompile Include="2025_09_24.c">
      <Filter>源文件\2025\September</Filter>
    </ClCompile>
    <ClCompile Include="2025_09_25.c">
      <Filter>源文件\2025\September</Filter>
    </ClCompile>
    <ClCompile Include="2025_09_26.c">
      <Filter>源文件\2025\September</Filter>
    </ClCompile>
    <ClCompile Include="2025_09_27.c">
      <Filter>源文件\2025\September</Filter>
    </ClCompile>
    <ClCompile Include="2025_09_28.c">
      <Filter>源文件\2025\September</Filter>
    </ClCompile>
    <ClCompile Include="2025_09_29.c">
      <Filter>源文件\2025\September</Filter>
    </ClCompile>
    <ClCompile Include="2025_09_30.c">
      <Filter>源文件\2025\September</Filter>
    </ClCompile>
    <ClCompile Include="2025_10_01.c">
      <Filter>源文件\2025\September</Filter>
    </ClCompile>
  </ItemGroup>
  <ItemGroup>
    <None Include="2025_08_14.c">
      <Filter>源文件\2025\Augest</Filter>
    </None>
  </ItemGroup>
</Project>